
Microsoft Visual Studio Solution File, Format Version 12.00
# Visual Studio Version 16
VisualStudioVersion = 16.0.29503.13
MinimumVisualStudioVersion = 10.0.40219.1
Project("{FAE04EC0-301F-11D3-BF4B-00C04F79EFBC}") = "Reservation", "Reservation\Reservation.csproj", "{35CD0DED-79B2-4A6F-9F68-FF52D7F05019}"
EndProject
Project("{FAE04EC0-301F-11D3-BF4B-00C04F79EFBC}") = "Test", "Test\Test.csproj", "{342FB811-EFBA-478A-84F0-6DADF457C91C}"
EndProject
Global
	GlobalSection(SolutionConfigurationPlatforms) = preSolution
		Debug|Any CPU = Debug|Any CPU
		Release|Any CPU = Release|Any CPU
	EndGlobalSection
	GlobalSection(ProjectConfigurationPlatforms) = postSolution
		{35CD0DED-79B2-4A6F-9F68-FF52D7F05019}.Debug|Any CPU.ActiveCfg = Debug|Any CPU
		{35CD0DED-79B2-4A6F-9F68-FF52D7F05019}.Debug|Any CPU.Build.0 = Debug|Any CPU
		{35CD0DED-79B2-4A6F-9F68-FF52D7F05019}.Release|Any CPU.ActiveCfg = Release|Any CPU
		{35CD0DED-79B2-4A6F-9F68-FF52D7F05019}.Release|Any CPU.Build.0 = Release|Any CPU
		{342FB811-EFBA-478A-84F0-6DADF457C91C}.Debug|Any CPU.ActiveCfg = Debug|Any CPU
		{342FB811-EFBA-478A-84F0-6DADF457C91C}.Debug|Any CPU.Build.0 = Debug|Any CPU
		{342FB811-EFBA-478A-84F0-6DADF457C91C}.Release|Any CPU.ActiveCfg = Release|Any CPU
		{342FB811-EFBA-478A-84F0-6DADF457C91C}.Release|Any CPU.Build.0 = Release|Any CPU
	EndGlobalSection
	GlobalSection(SolutionProperties) = preSolution
		HideSolutionNode = FALSE
	EndGlobalSection
	GlobalSection(ExtensibilityGlobals) = postSolution
		SolutionGuid = {05CFEB13-3231-4FC0-ADE9-2C36A5D7DAC9}
	EndGlobalSection
EndGlobal
